// !$*UTF8*$!
{
	archiveVersion = 1;
	classes = {
	};
	objectVersion = 50;
	objects = {

/* Begin PBXBuildFile section */
		C2E2B43025CB1ECF0009D522 /* AppDelegate.swift in Sources */ = {isa = PBXBuildFile; fileRef = C2E2B42F25CB1ECF0009D522 /* AppDelegate.swift */; };
		C2E2B43225CB1ECF0009D522 /* SceneDelegate.swift in Sources */ = {isa = PBXBuildFile; fileRef = C2E2B43125CB1ECF0009D522 /* SceneDelegate.swift */; };
		C2E2B43425CB1ECF0009D522 /* ViewController.swift in Sources */ = {isa = PBXBuildFile; fileRef = C2E2B43325CB1ECF0009D522 /* ViewController.swift */; };
		C2E2B43725CB1ECF0009D522 /* Main.storyboard in Resources */ = {isa = PBXBuildFile; fileRef = C2E2B43525CB1ECF0009D522 /* Main.storyboard */; };
		C2E2B43925CB1ED60009D522 /* Assets.xcassets in Resources */ = {isa = PBXBuildFile; fileRef = C2E2B43825CB1ED60009D522 /* Assets.xcassets */; };
		C2E2B43C25CB1ED60009D522 /* LaunchScreen.storyboard in Resources */ = {isa = PBXBuildFile; fileRef = C2E2B43A25CB1ED60009D522 /* LaunchScreen.storyboard */; };
		C2E2B44725CB1ED60009D522 /* PreworkTests.swift in Sources */ = {isa = PBXBuildFile; fileRef = C2E2B44625CB1ED60009D522 /* PreworkTests.swift */; };
		C2E2B45225CB1ED60009D522 /* PreworkUITests.swift in Sources */ = {isa = PBXBuildFile; fileRef = C2E2B45125CB1ED60009D522 /* PreworkUITests.swift */; };
/* End PBXBuildFile section */

/* Begin PBXContainerItemProxy section */
		C2E2B44325CB1ED60009D522 /* PBXContainerItemProxy */ = {
			isa = PBXContainerItemProxy;
			containerPortal = C2E2B42425CB1ECF0009D522 /* Project object */;
			proxyType = 1;
			remoteGlobalIDString = C2E2B42B25CB1ECF0009D522;
			remoteInfo = Prework;
		};
		C2E2B44E25CB1ED60009D522 /* PBXContainerItemProxy */ = {
			isa = PBXContainerItemProxy;
			containerPortal = C2E2B42425CB1ECF0009D522 /* Project object */;
			proxyType = 1;
			remoteGlobalIDString = C2E2B42B25CB1ECF0009D522;
			remoteInfo = Prework;
		};
/* End PBXContainerItemProxy section */

/* Begin PBXFileReference section */
		C2E2B42C25CB1ECF0009D522 /* Prework.app */ = {isa = PBXFileReference; explicitFileType = wrapper.application; includeInIndex = 0; path = Prework.app; sourceTree = BUILT_PRODUCTS_DIR; };
		C2E2B42F25CB1ECF0009D522 /* AppDelegate.swift */ = {isa = PBXFileReference; lastKnownFileType = sourcecode.swift; path = AppDelegate.swift; sourceTree = "<group>"; };
		C2E2B43125CB1ECF0009D522 /* SceneDelegate.swift */ = {isa = PBXFileReference; lastKnownFileType = sourcecode.swift; path = SceneDelegate.swift; sourceTree = "<group>"; };
		C2E2B43325CB1ECF0009D522 /* ViewController.swift */ = {isa = PBXFileReference; lastKnownFileType = sourcecode.swift; path = ViewController.swift; sourceTree = "<group>"; };
		C2E2B43625CB1ECF0009D522 /* Base */ = {isa = PBXFileReference; lastKnownFileType = file.storyboard; name = Base; path = Base.lproj/Main.storyboard; sourceTree = "<group>"; };
		C2E2B43825CB1ED60009D522 /* Assets.xcassets */ = {isa = PBXFileReference; lastKnownFileType = folder.assetcatalog; path = Assets.xcassets; sourceTree = "<group>"; };
		C2E2B43B25CB1ED60009D522 /* Base */ = {isa = PBXFileReference; lastKnownFileType = file.storyboard; name = Base; path = Base.lproj/LaunchScreen.storyboard; sourceTree = "<group>"; };
		C2E2B43D25CB1ED60009D522 /* Info.plist */ = {isa = PBXFileReference; lastKnownFileType = text.plist.xml; path = Info.plist; sourceTree = "<group>"; };
		C2E2B44225CB1ED60009D522 /* PreworkTests.xctest */ = {isa = PBXFileReference; explicitFileType = wrapper.cfbundle; includeInIndex = 0; path = PreworkTests.xctest; sourceTree = BUILT_PRODUCTS_DIR; };
		C2E2B44625CB1ED60009D522 /* PreworkTests.swift */ = {isa = PBXFileReference; lastKnownFileType = sourcecode.swift; path = PreworkTests.swift; sourceTree = "<group>"; };
		C2E2B44825CB1ED60009D522 /* Info.plist */ = {isa = PBXFileReference; lastKnownFileType = text.plist.xml; path = Info.plist; sourceTree = "<group>"; };
		C2E2B44D25CB1ED60009D522 /* PreworkUITests.xctest */ = {isa = PBXFileReference; explicitFileType = wrapper.cfbundle; includeInIndex = 0; path = PreworkUITests.xctest; sourceTree = BUILT_PRODUCTS_DIR; };
		C2E2B45125CB1ED60009D522 /* PreworkUITests.swift */ = {isa = PBXFileReference; lastKnownFileType = sourcecode.swift; path = PreworkUITests.swift; sourceTree = "<group>"; };
		C2E2B45325CB1ED60009D522 /* Info.plist */ = {isa = PBXFileReference; lastKnownFileType = text.plist.xml; path = Info.plist; sourceTree = "<group>"; };
/* End PBXFileReference section */

/* Begin PBXFrameworksBuildPhase section */
		C2E2B42925CB1ECF0009D522 /* Frameworks */ = {
			isa = PBXFrameworksBuildPhase;
			buildActionMask = 2147483647;
			files = (
			);
			runOnlyForDeploymentPostprocessing = 0;
		};
		C2E2B43F25CB1ED60009D522 /* Frameworks */ = {
			isa = PBXFrameworksBuildPhase;
			buildActionMask = 2147483647;
			files = (
			);
			runOnlyForDeploymentPostprocessing = 0;
		};
		C2E2B44A25CB1ED60009D522 /* Frameworks */ = {
			isa = PBXFrameworksBuildPhase;
			buildActionMask = 2147483647;
			files = (
			);
			runOnlyForDeploymentPostprocessing = 0;
		};
/* End PBXFrameworksBuildPhase section */

/* Begin PBXGroup section */
		C2E2B42325CB1ECF0009D522 = {
			isa = PBXGroup;
			children = (
				C2E2B42E25CB1ECF0009D522 /* Prework */,
				C2E2B44525CB1ED60009D522 /* PreworkTests */,
				C2E2B45025CB1ED60009D522 /* PreworkUITests */,
				C2E2B42D25CB1ECF0009D522 /* Products */,
			);
			sourceTree = "<group>";
		};
		C2E2B42D25CB1ECF0009D522 /* Products */ = {
			isa = PBXGroup;
			children = (
				C2E2B42C25CB1ECF0009D522 /* Prework.app */,
				C2E2B44225CB1ED60009D522 /* PreworkTests.xctest */,
				C2E2B44D25CB1ED60009D522 /* PreworkUITests.xctest */,
			);
			name = Products;
			sourceTree = "<group>";
		};
		C2E2B42E25CB1ECF0009D522 /* Prework */ = {
			isa = PBXGroup;
			children = (
				C2E2B42F25CB1ECF0009D522 /* AppDelegate.swift */,
				C2E2B43125CB1ECF0009D522 /* SceneDelegate.swift */,
				C2E2B43325CB1ECF0009D522 /* ViewController.swift */,
				C2E2B43525CB1ECF0009D522 /* Main.storyboard */,
				C2E2B43825CB1ED60009D522 /* Assets.xcassets */,
				C2E2B43A25CB1ED60009D522 /* LaunchScreen.storyboard */,
				C2E2B43D25CB1ED60009D522 /* Info.plist */,
			);
			path = Prework;
			sourceTree = "<group>";
		};
		C2E2B44525CB1ED60009D522 /* PreworkTests */ = {
			isa = PBXGroup;
			children = (
				C2E2B44625CB1ED60009D522 /* PreworkTests.swift */,
				C2E2B44825CB1ED60009D522 /* Info.plist */,
			);
			path = PreworkTests;
			sourceTree = "<group>";
		};
		C2E2B45025CB1ED60009D522 /* PreworkUITests */ = {
			isa = PBXGroup;
			children = (
				C2E2B45125CB1ED60009D522 /* PreworkUITests.swift */,
				C2E2B45325CB1ED60009D522 /* Info.plist */,
			);
			path = PreworkUITests;
			sourceTree = "<group>";
		};
/* End PBXGroup section */

/* Begin PBXNativeTarget section */
		C2E2B42B25CB1ECF0009D522 /* Prework */ = {
			isa = PBXNativeTarget;
			buildConfigurationList = C2E2B45625CB1ED60009D522 /* Build configuration list for PBXNativeTarget "Prework" */;
			buildPhases = (
				C2E2B42825CB1ECF0009D522 /* Sources */,
				C2E2B42925CB1ECF0009D522 /* Frameworks */,
				C2E2B42A25CB1ECF0009D522 /* Resources */,
			);
			buildRules = (
			);
			dependencies = (
			);
			name = Prework;
			productName = Prework;
			productReference = C2E2B42C25CB1ECF0009D522 /* Prework.app */;
			productType = "com.apple.product-type.application";
		};
		C2E2B44125CB1ED60009D522 /* PreworkTests */ = {
			isa = PBXNativeTarget;
			buildConfigurationList = C2E2B45925CB1ED60009D522 /* Build configuration list for PBXNativeTarget "PreworkTests" */;
			buildPhases = (
				C2E2B43E25CB1ED60009D522 /* Sources */,
				C2E2B43F25CB1ED60009D522 /* Frameworks */,
				C2E2B44025CB1ED60009D522 /* Resources */,
			);
			buildRules = (
			);
			dependencies = (
				C2E2B44425CB1ED60009D522 /* PBXTargetDependency */,
			);
			name = PreworkTests;
			productName = PreworkTests;
			productReference = C2E2B44225CB1ED60009D522 /* PreworkTests.xctest */;
			productType = "com.apple.product-type.bundle.unit-test";
		};
		C2E2B44C25CB1ED60009D522 /* PreworkUITests */ = {
			isa = PBXNativeTarget;
			buildConfigurationList = C2E2B45C25CB1ED60009D522 /* Build configuration list for PBXNativeTarget "PreworkUITests" */;
			buildPhases = (
				C2E2B44925CB1ED60009D522 /* Sources */,
				C2E2B44A25CB1ED60009D522 /* Frameworks */,
				C2E2B44B25CB1ED60009D522 /* Resources */,
			);
			buildRules = (
			);
			dependencies = (
				C2E2B44F25CB1ED60009D522 /* PBXTargetDependency */,
			);
			name = PreworkUITests;
			productName = PreworkUITests;
			productReference = C2E2B44D25CB1ED60009D522 /* PreworkUITests.xctest */;
			productType = "com.apple.product-type.bundle.ui-testing";
		};
/* End PBXNativeTarget section */

/* Begin PBXProject section */
		C2E2B42425CB1ECF0009D522 /* Project object */ = {
			isa = PBXProject;
			attributes = {
				LastSwiftUpdateCheck = 1240;
				LastUpgradeCheck = 1240;
				TargetAttributes = {
					C2E2B42B25CB1ECF0009D522 = {
						CreatedOnToolsVersion = 12.4;
					};
					C2E2B44125CB1ED60009D522 = {
						CreatedOnToolsVersion = 12.4;
						TestTargetID = C2E2B42B25CB1ECF0009D522;
					};
					C2E2B44C25CB1ED60009D522 = {
						CreatedOnToolsVersion = 12.4;
						TestTargetID = C2E2B42B25CB1ECF0009D522;
					};
				};
			};
			buildConfigurationList = C2E2B42725CB1ECF0009D522 /* Build configuration list for PBXProject "Prework" */;
			compatibilityVersion = "Xcode 9.3";
			developmentRegion = en;
			hasScannedForEncodings = 0;
			knownRegions = (
				en,
				Base,
			);
			mainGroup = C2E2B42325CB1ECF0009D522;
			productRefGroup = C2E2B42D25CB1ECF0009D522 /* Products */;
			projectDirPath = "";
			projectRoot = "";
			targets = (
				C2E2B42B25CB1ECF0009D522 /* Prework */,
				C2E2B44125CB1ED60009D522 /* PreworkTests */,
				C2E2B44C25CB1ED60009D522 /* PreworkUITests */,
			);
		};
/* End PBXProject section */

/* Begin PBXResourcesBuildPhase section */
		C2E2B42A25CB1ECF0009D522 /* Resources */ = {
			isa = PBXResourcesBuildPhase;
			buildActionMask = 2147483647;
			files = (
				C2E2B43C25CB1ED60009D522 /* LaunchScreen.storyboard in Resources */,
				C2E2B43925CB1ED60009D522 /* Assets.xcassets in Resources */,
				C2E2B43725CB1ECF0009D522 /* Main.storyboard in Resources */,
			);
			runOnlyForDeploymentPostprocessing = 0;
		};
		C2E2B44025CB1ED60009D522 /* Resources */ = {
			isa = PBXResourcesBuildPhase;
			buildActionMask = 2147483647;
			files = (
			);
			runOnlyForDeploymentPostprocessing = 0;
		};
		C2E2B44B25CB1ED60009D522 /* Resources */ = {
			isa = PBXResourcesBuildPhase;
			buildActionMask = 2147483647;
			files = (
			);
			runOnlyForDeploymentPostprocessing = 0;
		};
/* End PBXResourcesBuildPhase section */

/* Begin PBXSourcesBuildPhase section */
		C2E2B42825CB1ECF0009D522 /* Sources */ = {
			isa = PBXSourcesBuildPhase;
			buildActionMask = 2147483647;
			files = (
				C2E2B43425CB1ECF0009D522 /* ViewController.swift in Sources */,
				C2E2B43025CB1ECF0009D522 /* AppDelegate.swift in Sources */,
				C2E2B43225CB1ECF0009D522 /* SceneDelegate.swift in Sources */,
			);
			runOnlyForDeploymentPostprocessing = 0;
		};
		C2E2B43E25CB1ED60009D522 /* Sources */ = {
			isa = PBXSourcesBuildPhase;
			buildActionMask = 2147483647;
			files = (
				C2E2B44725CB1ED60009D522 /* PreworkTests.swift in Sources */,
			);
			runOnlyForDeploymentPostprocessing = 0;
		};
		C2E2B44925CB1ED60009D522 /* Sources */ = {
			isa = PBXSourcesBuildPhase;
			buildActionMask = 2147483647;
			files = (
				C2E2B45225CB1ED60009D522 /* PreworkUITests.swift in Sources */,
			);
			runOnlyForDeploymentPostprocessing = 0;
		};
/* End PBXSourcesBuildPhase section */

/* Begin PBXTargetDependency section */
		C2E2B44425CB1ED60009D522 /* PBXTargetDependency */ = {
			isa = PBXTargetDependency;
			target = C2E2B42B25CB1ECF0009D522 /* Prework */;
			targetProxy = C2E2B44325CB1ED60009D522 /* PBXContainerItemProxy */;
		};
		C2E2B44F25CB1ED60009D522 /* PBXTargetDependency */ = {
			isa = PBXTargetDependency;
			target = C2E2B42B25CB1ECF0009D522 /* Prework */;
			targetProxy = C2E2B44E25CB1ED60009D522 /* PBXContainerItemProxy */;
		};
/* End PBXTargetDependency section */

/* Begin PBXVariantGroup section */
		C2E2B43525CB1ECF0009D522 /* Main.storyboard */ = {
			isa = PBXVariantGroup;
			children = (
				C2E2B43625CB1ECF0009D522 /* Base */,
			);
			name = Main.storyboard;
			sourceTree = "<group>";
		};
		C2E2B43A25CB1ED60009D522 /* LaunchScreen.storyboard */ = {
			isa = PBXVariantGroup;
			children = (
				C2E2B43B25CB1ED60009D522 /* Base */,
			);
			name = LaunchScreen.storyboard;
			sourceTree = "<group>";
		};
/* End PBXVariantGroup section */

/* Begin XCBuildConfiguration section */
		C2E2B45425CB1ED60009D522 /* Debug */ = {
			isa = XCBuildConfiguration;
			buildSettings = {
				ALWAYS_SEARCH_USER_PATHS = NO;
				CLANG_ANALYZER_NONNULL = YES;
				CLANG_ANALYZER_NUMBER_OBJECT_CONVERSION = YES_AGGRESSIVE;
				CLANG_CXX_LANGUAGE_STANDARD = "gnu++14";
				CLANG_CXX_LIBRARY = "libc++";
				CLANG_ENABLE_MODULES = YES;
				CLANG_ENABLE_OBJC_ARC = YES;
				CLANG_ENABLE_OBJC_WEAK = YES;
				CLANG_WARN_BLOCK_CAPTURE_AUTORELEASING = YES;
				CLANG_WARN_BOOL_CONVERSION = YES;
				CLANG_WARN_COMMA = YES;
				CLANG_WARN_CONSTANT_CONVERSION = YES;
				CLANG_WARN_DEPRECATED_OBJC_IMPLEMENTATIONS = YES;
				CLANG_WARN_DIRECT_OBJC_ISA_USAGE = YES_ERROR;
				CLANG_WARN_DOCUMENTATION_COMMENTS = YES;
				CLANG_WARN_EMPTY_BODY = YES;
				CLANG_WARN_ENUM_CONVERSION = YES;
				CLANG_WARN_INFINITE_RECURSION = YES;
				CLANG_WARN_INT_CONVERSION = YES;
				CLANG_WARN_NON_LITERAL_NULL_CONVERSION = YES;
				CLANG_WARN_OBJC_IMPLICIT_RETAIN_SELF = YES;
				CLANG_WARN_OBJC_LITERAL_CONVERSION = YES;
				CLANG_WARN_OBJC_ROOT_CLASS = YES_ERROR;
				CLANG_WARN_QUOTED_INCLUDE_IN_FRAMEWORK_HEADER = YES;
				CLANG_WARN_RANGE_LOOP_ANALYSIS = YES;
				CLANG_WARN_STRICT_PROTOTYPES = YES;
				CLANG_WARN_SUSPICIOUS_MOVE = YES;
				CLANG_WARN_UNGUARDED_AVAILABILITY = YES_AGGRESSIVE;
				CLANG_WARN_UNREACHABLE_CODE = YES;
				CLANG_WARN__DUPLICATE_METHOD_MATCH = YES;
				COPY_PHASE_STRIP = NO;
				DEBUG_INFORMATION_FORMAT = dwarf;
				ENABLE_STRICT_OBJC_MSGSEND = YES;
				ENABLE_TESTABILITY = YES;
				GCC_C_LANGUAGE_STANDARD = gnu11;
				GCC_DYNAMIC_NO_PIC = NO;
				GCC_NO_COMMON_BLOCKS = YES;
				GCC_OPTIMIZATION_LEVEL = 0;
				GCC_PREPROCESSOR_DEFINITIONS = (
					"DEBUG=1",
					"$(inherited)",
				);
				GCC_WARN_64_TO_32_BIT_CONVERSION = YES;
				GCC_WARN_ABOUT_RETURN_TYPE = YES_ERROR;
				GCC_WARN_UNDECLARED_SELECTOR = YES;
				GCC_WARN_UNINITIALIZED_AUTOS = YES_AGGRESSIVE;
				GCC_WARN_UNUSED_FUNCTION = YES;
				GCC_WARN_UNUSED_VARIABLE = YES;
				IPHONEOS_DEPLOYMENT_TARGET = 14.4;
				MTL_ENABLE_DEBUG_INFO = INCLUDE_SOURCE;
				MTL_FAST_MATH = YES;
				ONLY_ACTIVE_ARCH = YES;
				SDKROOT = iphoneos;
				SWIFT_ACTIVE_COMPILATION_CONDITIONS = DEBUG;
				SWIFT_OPTIMIZATION_LEVEL = "-Onone";
			};
			name = Debug;
		};
		C2E2B45525CB1ED60009D522 /* Release */ = {
			isa = XCBuildConfiguration;
			buildSettings = {
				ALWAYS_SEARCH_USER_PATHS = NO;
				CLANG_ANALYZER_NONNULL = YES;
				CLANG_ANALYZER_NUMBER_OBJECT_CONVERSION = YES_AGGRESSIVE;
				CLANG_CXX_LANGUAGE_STANDARD = "gnu++14";
				CLANG_CXX_LIBRARY = "libc++";
				CLANG_ENABLE_MODULES = YES;
				CLANG_ENABLE_OBJC_ARC = YES;
				CLANG_ENABLE_OBJC_WEAK = YES;
				CLANG_WARN_BLOCK_CAPTURE_AUTORELEASING = YES;
				CLANG_WARN_BOOL_CONVERSION = YES;
				CLANG_WARN_COMMA = YES;
				CLANG_WARN_CONSTANT_CONVERSION = YES;
				CLANG_WARN_DEPRECATED_OBJC_IMPLEMENTATIONS = YES;
				CLANG_WARN_DIRECT_OBJC_ISA_USAGE = YES_ERROR;
				CLANG_WARN_DOCUMENTATION_COMMENTS = YES;
				CLANG_WARN_EMPTY_BODY = YES;
				CLANG_WARN_ENUM_CONVERSION = YES;
				CLANG_WARN_INFINITE_RECURSION = YES;
				CLANG_WARN_INT_CONVERSION = YES;
				CLANG_WARN_NON_LITERAL_NULL_CONVERSION = YES;
				CLANG_WARN_OBJC_IMPLICIT_RETAIN_SELF = YES;
				CLANG_WARN_OBJC_LITERAL_CONVERSION = YES;
				CLANG_WARN_OBJC_ROOT_CLASS = YES_ERROR;
				CLANG_WARN_QUOTED_INCLUDE_IN_FRAMEWORK_HEADER = YES;
				CLANG_WARN_RANGE_LOOP_ANALYSIS = YES;
				CLANG_WARN_STRICT_PROTOTYPES = YES;
				CLANG_WARN_SUSPICIOUS_MOVE = YES;
				CLANG_WARN_UNGUARDED_AVAILABILITY = YES_AGGRESSIVE;
				CLANG_WARN_UNREACHABLE_CODE = YES;
				CLANG_WARN__DUPLICATE_METHOD_MATCH = YES;
				COPY_PHASE_STRIP = NO;
				DEBUG_INFORMATION_FORMAT = "dwarf-with-dsym";
				ENABLE_NS_ASSERTIONS = NO;
				ENABLE_STRICT_OBJC_MSGSEND = YES;
				GCC_C_LANGUAGE_STANDARD = gnu11;
				GCC_NO_COMMON_BLOCKS = YES;
				GCC_WARN_64_TO_32_BIT_CONVERSION = YES;
				GCC_WARN_ABOUT_RETURN_TYPE = YES_ERROR;
				GCC_WARN_UNDECLARED_SELECTOR = YES;
				GCC_WARN_UNINITIALIZED_AUTOS = YES_AGGRESSIVE;
				GCC_WARN_UNUSED_FUNCTION = YES;
				GCC_WARN_UNUSED_VARIABLE = YES;
				IPHONEOS_DEPLOYMENT_TARGET = 14.4;
				MTL_ENABLE_DEBUG_INFO = NO;
				MTL_FAST_MATH = YES;
				SDKROOT = iphoneos;
				SWIFT_COMPILATION_MODE = wholemodule;
				SWIFT_OPTIMIZATION_LEVEL = "-O";
				VALIDATE_PRODUCT = YES;
			};
			name = Release;
		};
		C2E2B45725CB1ED60009D522 /* Debug */ = {
			isa = XCBuildConfiguration;
			buildSettings = {
				ASSETCATALOG_COMPILER_APPICON_NAME = AppIcon;
				ASSETCATALOG_COMPILER_GLOBAL_ACCENT_COLOR_NAME = AccentColor;
				CODE_SIGN_STYLE = Automatic;
				INFOPLIST_FILE = Prework/Info.plist;
				LD_RUNPATH_SEARCH_PATHS = (
					"$(inherited)",
					"@executable_path/Frameworks",
				);
				PRODUCT_BUNDLE_IDENTIFIER = memo.com.Prework;
				PRODUCT_NAME = "$(TARGET_NAME)";
				SWIFT_VERSION = 5.0;
				TARGETED_DEVICE_FAMILY = "1,2";
			};
			name = Debug;
		};
		C2E2B45825CB1ED60009D522 /* Release */ = {
			isa = XCBuildConfiguration;
			buildSettings = {
				ASSETCATALOG_COMPILER_APPICON_NAME = AppIcon;
				ASSETCATALOG_COMPILER_GLOBAL_ACCENT_COLOR_NAME = AccentColor;
				CODE_SIGN_STYLE = Automatic;
				INFOPLIST_FILE = Prework/Info.plist;
				LD_RUNPATH_SEARCH_PATHS = (
					"$(inherited)",
					"@executable_path/Frameworks",
				);
				PRODUCT_BUNDLE_IDENTIFIER = memo.com.Prework;
				PRODUCT_NAME = "$(TARGET_NAME)";
				SWIFT_VERSION = 5.0;
				TARGETED_DEVICE_FAMILY = "1,2";
			};
			name = Release;
		};
		C2E2B45A25CB1ED60009D522 /* Debug */ = {
			isa = XCBuildConfiguration;
			buildSettings = {
				ALWAYS_EMBED_SWIFT_STANDARD_LIBRARIES = YES;
				BUNDLE_LOADER = "$(TEST_HOST)";
				CODE_SIGN_STYLE = Automatic;
				INFOPLIST_FILE = PreworkTests/Info.plist;
				IPHONEOS_DEPLOYMENT_TARGET = 14.4;
				LD_RUNPATH_SEARCH_PATHS = (
					"$(inherited)",
					"@executable_path/Frameworks",
					"@loader_path/Frameworks",
				);
				PRODUCT_BUNDLE_IDENTIFIER = memo.com.PreworkTests;
				PRODUCT_NAME = "$(TARGET_NAME)";
				SWIFT_VERSION = 5.0;
				TARGETED_DEVICE_FAMILY = "1,2";
				TEST_HOST = "$(BUILT_PRODUCTS_DIR)/Prework.app/Prework";
			};
			name = Debug;
		};
		C2E2B45B25CB1ED60009D522 /* Release */ = {
			isa = XCBuildConfiguration;
			buildSettings = {
				ALWAYS_EMBED_SWIFT_STANDARD_LIBRARIES = YES;
				BUNDLE_LOADER = "$(TEST_HOST)";
				CODE_SIGN_STYLE = Automatic;
				INFOPLIST_FILE = PreworkTests/Info.plist;
				IPHONEOS_DEPLOYMENT_TARGET = 14.4;
				LD_RUNPATH_SEARCH_PATHS = (
					"$(inherited)",
					"@executable_path/Frameworks",
					"@loader_path/Frameworks",
				);
				PRODUCT_BUNDLE_IDENTIFIER = memo.com.PreworkTests;
				PRODUCT_NAME = "$(TARGET_NAME)";
				SWIFT_VERSION = 5.0;
				TARGETED_DEVICE_FAMILY = "1,2";
				TEST_HOST = "$(BUILT_PRODUCTS_DIR)/Prework.app/Prework";
			};
			name = Release;
		};
		C2E2B45D25CB1ED60009D522 /* Debug */ = {
			isa = XCBuildConfiguration;
			buildSettings = {
				ALWAYS_EMBED_SWIFT_STANDARD_LIBRARIES = YES;
				CODE_SIGN_STYLE = Automatic;
				INFOPLIST_FILE = PreworkUITests/Info.plist;
				LD_RUNPATH_SEARCH_PATHS = (
					"$(inherited)",
					"@executable_path/Frameworks",
					"@loader_path/Frameworks",
				);
				PRODUCT_BUNDLE_IDENTIFIER = memo.com.PreworkUITests;
				PRODUCT_NAME = "$(TARGET_NAME)";
				SWIFT_VERSION = 5.0;
				TARGETED_DEVICE_FAMILY = "1,2";
				TEST_TARGET_NAME = Prework;
			};
			name = Debug;
		};
		C2E2B45E25CB1ED60009D522 /* Release */ = {
			isa = XCBuildConfiguration;
			buildSettings = {
				ALWAYS_EMBED_SWIFT_STANDARD_LIBRARIES = YES;
				CODE_SIGN_STYLE = Automatic;
				INFOPLIST_FILE = PreworkUITests/Info.plist;
				LD_RUNPATH_SEARCH_PATHS = (
					"$(inherited)",
					"@executable_path/Frameworks",
					"@loader_path/Frameworks",
				);
				PRODUCT_BUNDLE_IDENTIFIER = memo.com.PreworkUITests;
				PRODUCT_NAME = "$(TARGET_NAME)";
				SWIFT_VERSION = 5.0;
				TARGETED_DEVICE_FAMILY = "1,2";
				TEST_TARGET_NAME = Prework;
			};
			name = Release;
		};
/* End XCBuildConfiguration section */

/* Begin XCConfigurationList section */
		C2E2B42725CB1ECF0009D522 /* Build configuration list for PBXProject "Prework" */ = {
			isa = XCConfigurationList;
			buildConfigurations = (
				C2E2B45425CB1ED60009D522 /* Debug */,
				C2E2B45525CB1ED60009D522 /* Release */,
			);
			defaultConfigurationIsVisible = 0;
			defaultConfigurationName = Release;
		};
		C2E2B45625CB1ED60009D522 /* Build configuration list for PBXNativeTarget "Prework" */ = {
			isa = XCConfigurationList;
			buildConfigurations = (
				C2E2B45725CB1ED60009D522 /* Debug */,
				C2E2B45825CB1ED60009D522 /* Release */,
			);
			defaultConfigurationIsVisible = 0;
			defaultConfigurationName = Release;
		};
		C2E2B45925CB1ED60009D522 /* Build configuration list for PBXNativeTarget "PreworkTests" */ = {
			isa = XCConfigurationList;
			buildConfigurations = (
				C2E2B45A25CB1ED60009D522 /* Debug */,
				C2E2B45B25CB1ED60009D522 /* Release */,
			);
			defaultConfigurationIsVisible = 0;
			defaultConfigurationName = Release;
		};
		C2E2B45C25CB1ED60009D522 /* Build configuration list for PBXNativeTarget "PreworkUITests" */ = {
			isa = XCConfigurationList;
			buildConfigurations = (
				C2E2B45D25CB1ED60009D522 /* Debug */,
				C2E2B45E25CB1ED60009D522 /* Release */,
			);
			defaultConfigurationIsVisible = 0;
			defaultConfigurationName = Release;
		};
/* End XCConfigurationList section */
	};
	rootObject = C2E2B42425CB1ECF0009D522 /* Project object */;
}
